
Microsoft Visual Studio Solution File, Format Version 12.00
# Visual Studio Version 17
VisualStudioVersion = 17.8.34316.72
MinimumVisualStudioVersion = 10.0.40219.1
Project("{2150E333-8FDC-42A3-9474-1A3956D46DE8}") = "Services", "Services", "{CC5452B2-7A1F-494A-B9E8-F839E2968F92}"
EndProject
Project("{2150E333-8FDC-42A3-9474-1A3956D46DE8}") = "ProductCatalog", "ProductCatalog", "{8E74DAA9-ECD8-455C-A378-BE4F6919E13F}"
EndProject
Project("{9A19103F-16F7-4668-BE54-9A1E7A4F7556}") = "ProductCatalog.API", "Services\ProductCatalog\ProductCatalog.API\ProductCatalog.API.csproj", "{745968D9-C7F8-4DC1-9815-1005BD2CDE81}"
EndProject
Global
	GlobalSection(SolutionConfigurationPlatforms) = preSolution
		Debug|Any CPU = Debug|Any CPU
		Release|Any CPU = Release|Any CPU
	EndGlobalSection
	GlobalSection(ProjectConfigurationPlatforms) = postSolution
		{745968D9-C7F8-4DC1-9815-1005BD2CDE81}.Debug|Any CPU.ActiveCfg = Debug|Any CPU
		{745968D9-C7F8-4DC1-9815-1005BD2CDE81}.Debug|Any CPU.Build.0 = Debug|Any CPU
		{745968D9-C7F8-4DC1-9815-1005BD2CDE81}.Release|Any CPU.ActiveCfg = Release|Any CPU
		{745968D9-C7F8-4DC1-9815-1005BD2CDE81}.Release|Any CPU.Build.0 = Release|Any CPU
	EndGlobalSection
	GlobalSection(SolutionProperties) = preSolution
		HideSolutionNode = FALSE
	EndGlobalSection
	GlobalSection(NestedProjects) = preSolution
		{8E74DAA9-ECD8-455C-A378-BE4F6919E13F} = {CC5452B2-7A1F-494A-B9E8-F839E2968F92}
		{745968D9-C7F8-4DC1-9815-1005BD2CDE81} = {8E74DAA9-ECD8-455C-A378-BE4F6919E13F}
	EndGlobalSection
	GlobalSection(ExtensibilityGlobals) = postSolution
		SolutionGuid = {2AD52C4F-8BAA-4FA5-BF85-26B6630765A6}
	EndGlobalSection
EndGlobal
